
Microsoft Visual Studio Solution File, Format Version 12.00
Project("{FAE04EC0-301F-11D3-BF4B-00C04F79EFBC}") = "Checkout.API", "Checkout.API\Checkout.API.csproj", "{A0D93918-2739-458F-8004-3675644AD5A1}"
EndProject
Project("{FAE04EC0-301F-11D3-BF4B-00C04F79EFBC}") = "EndToEndTestHelpers.ServiceClients", "EndToEndTestHelpers.ServiceClients\EndToEndTestHelpers.ServiceClients.csproj", "{C9A3199C-5940-4B18-8304-F27E300BE5C7}"
EndProject
Project("{2150E333-8FDC-42A3-9474-1A3956D46DE8}") = "EndToEndTesting", "EndToEndTesting", "{835FA523-4907-4974-B0FA-9868E03AC0A2}"
EndProject
Project("{FAE04EC0-301F-11D3-BF4B-00C04F79EFBC}") = "TestSuites", "TestSuites\TestSuites.csproj", "{38B24529-6BBC-482F-8B98-F116AA96433D}"
EndProject
Project("{FAE04EC0-301F-11D3-BF4B-00C04F79EFBC}") = "Checkout.Tests", "Checkout.Tests\Checkout.Tests.csproj", "{D3BE596A-A380-4870-81C0-55A60456D3E5}"
EndProject
Project("{FAE04EC0-301F-11D3-BF4B-00C04F79EFBC}") = "Checkout.Bank", "Checkout.Bank\Checkout.Bank.csproj", "{C3AE869C-BD2C-440A-8773-8CC05446ACBF}"
EndProject
Project("{FAE04EC0-301F-11D3-BF4B-00C04F79EFBC}") = "Checkout.Domain", "Checkout.Domain\Checkout.Domain.csproj", "{9BBF0FA9-EA57-47E1-BA3F-2CB25EAB9C7C}"
EndProject
Project("{FAE04EC0-301F-11D3-BF4B-00C04F79EFBC}") = "Checkout.Infra", "Checkout.Infra\Checkout.Infra.csproj", "{AF90C978-07CE-4EE5-804B-EA8DF62DDFA0}"
EndProject
Project("{2150E333-8FDC-42A3-9474-1A3956D46DE8}") = "Payment", "Payment", "{2856FC9F-F97B-4786-B349-85F3FCFAF1F0}"
EndProject
Global
	GlobalSection(SolutionConfigurationPlatforms) = preSolution
		Debug|Any CPU = Debug|Any CPU
		Release|Any CPU = Release|Any CPU
	EndGlobalSection
	GlobalSection(ProjectConfigurationPlatforms) = postSolution
		{A0D93918-2739-458F-8004-3675644AD5A1}.Debug|Any CPU.ActiveCfg = Debug|Any CPU
		{A0D93918-2739-458F-8004-3675644AD5A1}.Debug|Any CPU.Build.0 = Debug|Any CPU
		{A0D93918-2739-458F-8004-3675644AD5A1}.Release|Any CPU.ActiveCfg = Release|Any CPU
		{A0D93918-2739-458F-8004-3675644AD5A1}.Release|Any CPU.Build.0 = Release|Any CPU
		{C9A3199C-5940-4B18-8304-F27E300BE5C7}.Debug|Any CPU.ActiveCfg = Debug|Any CPU
		{C9A3199C-5940-4B18-8304-F27E300BE5C7}.Debug|Any CPU.Build.0 = Debug|Any CPU
		{C9A3199C-5940-4B18-8304-F27E300BE5C7}.Release|Any CPU.ActiveCfg = Release|Any CPU
		{C9A3199C-5940-4B18-8304-F27E300BE5C7}.Release|Any CPU.Build.0 = Release|Any CPU
		{38B24529-6BBC-482F-8B98-F116AA96433D}.Debug|Any CPU.ActiveCfg = Debug|Any CPU
		{38B24529-6BBC-482F-8B98-F116AA96433D}.Debug|Any CPU.Build.0 = Debug|Any CPU
		{38B24529-6BBC-482F-8B98-F116AA96433D}.Release|Any CPU.ActiveCfg = Release|Any CPU
		{38B24529-6BBC-482F-8B98-F116AA96433D}.Release|Any CPU.Build.0 = Release|Any CPU
		{D3BE596A-A380-4870-81C0-55A60456D3E5}.Debug|Any CPU.ActiveCfg = Debug|Any CPU
		{D3BE596A-A380-4870-81C0-55A60456D3E5}.Debug|Any CPU.Build.0 = Debug|Any CPU
		{D3BE596A-A380-4870-81C0-55A60456D3E5}.Release|Any CPU.ActiveCfg = Release|Any CPU
		{D3BE596A-A380-4870-81C0-55A60456D3E5}.Release|Any CPU.Build.0 = Release|Any CPU
		{C3AE869C-BD2C-440A-8773-8CC05446ACBF}.Debug|Any CPU.ActiveCfg = Debug|Any CPU
		{C3AE869C-BD2C-440A-8773-8CC05446ACBF}.Debug|Any CPU.Build.0 = Debug|Any CPU
		{C3AE869C-BD2C-440A-8773-8CC05446ACBF}.Release|Any CPU.ActiveCfg = Release|Any CPU
		{C3AE869C-BD2C-440A-8773-8CC05446ACBF}.Release|Any CPU.Build.0 = Release|Any CPU
		{9BBF0FA9-EA57-47E1-BA3F-2CB25EAB9C7C}.Debug|Any CPU.ActiveCfg = Debug|Any CPU
		{9BBF0FA9-EA57-47E1-BA3F-2CB25EAB9C7C}.Debug|Any CPU.Build.0 = Debug|Any CPU
		{9BBF0FA9-EA57-47E1-BA3F-2CB25EAB9C7C}.Release|Any CPU.ActiveCfg = Release|Any CPU
		{9BBF0FA9-EA57-47E1-BA3F-2CB25EAB9C7C}.Release|Any CPU.Build.0 = Release|Any CPU
		{AF90C978-07CE-4EE5-804B-EA8DF62DDFA0}.Debug|Any CPU.ActiveCfg = Debug|Any CPU
		{AF90C978-07CE-4EE5-804B-EA8DF62DDFA0}.Debug|Any CPU.Build.0 = Debug|Any CPU
		{AF90C978-07CE-4EE5-804B-EA8DF62DDFA0}.Release|Any CPU.ActiveCfg = Release|Any CPU
		{AF90C978-07CE-4EE5-804B-EA8DF62DDFA0}.Release|Any CPU.Build.0 = Release|Any CPU
	EndGlobalSection
	GlobalSection(NestedProjects) = preSolution
		{C9A3199C-5940-4B18-8304-F27E300BE5C7} = {835FA523-4907-4974-B0FA-9868E03AC0A2}
		{38B24529-6BBC-482F-8B98-F116AA96433D} = {835FA523-4907-4974-B0FA-9868E03AC0A2}
		{A0D93918-2739-458F-8004-3675644AD5A1} = {2856FC9F-F97B-4786-B349-85F3FCFAF1F0}
		{9BBF0FA9-EA57-47E1-BA3F-2CB25EAB9C7C} = {2856FC9F-F97B-4786-B349-85F3FCFAF1F0}
		{AF90C978-07CE-4EE5-804B-EA8DF62DDFA0} = {2856FC9F-F97B-4786-B349-85F3FCFAF1F0}
		{D3BE596A-A380-4870-81C0-55A60456D3E5} = {2856FC9F-F97B-4786-B349-85F3FCFAF1F0}
	EndGlobalSection
EndGlobal
